
Microsoft Visual Studio Solution File, Format Version 12.00
# Visual Studio Version 17
VisualStudioVersion = 17.0.31919.166
MinimumVisualStudioVersion = 10.0.40219.1
Project("{FAE04EC0-301F-11D3-BF4B-00C04F79EFBC}") = "Mafioznik", "WindowsFormsApp2\Mafioznik.csproj", "{D582502D-1D27-4A90-8890-AE444DCE1999}"
EndProject
Global
	GlobalSection(SolutionConfigurationPlatforms) = preSolution
		Debug|Any CPU = Debug|Any CPU
		Release|Any CPU = Release|Any CPU
	EndGlobalSection
	GlobalSection(ProjectConfigurationPlatforms) = postSolution
		{D582502D-1D27-4A90-8890-AE444DCE1999}.Debug|Any CPU.ActiveCfg = Debug|Any CPU
		{D582502D-1D27-4A90-8890-AE444DCE1999}.Debug|Any CPU.Build.0 = Debug|Any CPU
		{D582502D-1D27-4A90-8890-AE444DCE1999}.Release|Any CPU.ActiveCfg = Release|Any CPU
		{D582502D-1D27-4A90-8890-AE444DCE1999}.Release|Any CPU.Build.0 = Release|Any CPU
	EndGlobalSection
	GlobalSection(SolutionProperties) = preSolution
		HideSolutionNode = FALSE
	EndGlobalSection
	GlobalSection(ExtensibilityGlobals) = postSolution
		SolutionGuid = {C943F1B8-4CA9-4493-A66A-9DF8C0066FF0}
	EndGlobalSection
EndGlobal
